
Microsoft Visual Studio Solution File, Format Version 12.00
# Visual Studio Version 16
VisualStudioVersion = 16.0.29709.97
MinimumVisualStudioVersion = 10.0.40219.1
Project("{FAE04EC0-301F-11D3-BF4B-00C04F79EFBC}") = "oneDayPass", "oneDayPass\oneDayPass.csproj", "{D615353E-769C-41C0-8573-81F133C9C3E6}"
EndProject
Project("{FAE04EC0-301F-11D3-BF4B-00C04F79EFBC}") = "oneDayPass.Tests", "oneDayPass.Tests\oneDayPass.Tests.csproj", "{39D02F48-B16B-46E2-842B-DFEE25FAFEE5}"
EndProject
Global
	GlobalSection(SolutionConfigurationPlatforms) = preSolution
		Debug|Any CPU = Debug|Any CPU
		Release|Any CPU = Release|Any CPU
	EndGlobalSection
	GlobalSection(ProjectConfigurationPlatforms) = postSolution
		{D615353E-769C-41C0-8573-81F133C9C3E6}.Debug|Any CPU.ActiveCfg = Debug|Any CPU
		{D615353E-769C-41C0-8573-81F133C9C3E6}.Debug|Any CPU.Build.0 = Debug|Any CPU
		{D615353E-769C-41C0-8573-81F133C9C3E6}.Release|Any CPU.ActiveCfg = Release|Any CPU
		{D615353E-769C-41C0-8573-81F133C9C3E6}.Release|Any CPU.Build.0 = Release|Any CPU
		{39D02F48-B16B-46E2-842B-DFEE25FAFEE5}.Debug|Any CPU.ActiveCfg = Debug|Any CPU
		{39D02F48-B16B-46E2-842B-DFEE25FAFEE5}.Debug|Any CPU.Build.0 = Debug|Any CPU
		{39D02F48-B16B-46E2-842B-DFEE25FAFEE5}.Release|Any CPU.ActiveCfg = Release|Any CPU
		{39D02F48-B16B-46E2-842B-DFEE25FAFEE5}.Release|Any CPU.Build.0 = Release|Any CPU
	EndGlobalSection
	GlobalSection(SolutionProperties) = preSolution
		HideSolutionNode = FALSE
	EndGlobalSection
	GlobalSection(ExtensibilityGlobals) = postSolution
		SolutionGuid = {6B19A3A9-C423-41E3-B654-C5ABCBD68066}
	EndGlobalSection
EndGlobal
